
Microsoft Visual Studio Solution File, Format Version 12.00
# Visual Studio 15
VisualStudioVersion = 15.0.28010.2046
MinimumVisualStudioVersion = 10.0.40219.1
Project("{FAE04EC0-301F-11D3-BF4B-00C04F79EFBC}") = "Week1", "Week1\Week1.csproj", "{7BF545B1-AEA0-4F35-A1EB-71FC682D1A7E}"
EndProject
Global
	GlobalSection(SolutionConfigurationPlatforms) = preSolution
		Debug|Any CPU = Debug|Any CPU
		Release|Any CPU = Release|Any CPU
	EndGlobalSection
	GlobalSection(ProjectConfigurationPlatforms) = postSolution
		{7BF545B1-AEA0-4F35-A1EB-71FC682D1A7E}.Debug|Any CPU.ActiveCfg = Debug|Any CPU
		{7BF545B1-AEA0-4F35-A1EB-71FC682D1A7E}.Debug|Any CPU.Build.0 = Debug|Any CPU
		{7BF545B1-AEA0-4F35-A1EB-71FC682D1A7E}.Release|Any CPU.ActiveCfg = Release|Any CPU
		{7BF545B1-AEA0-4F35-A1EB-71FC682D1A7E}.Release|Any CPU.Build.0 = Release|Any CPU
	EndGlobalSection
	GlobalSection(SolutionProperties) = preSolution
		HideSolutionNode = FALSE
	EndGlobalSection
	GlobalSection(ExtensibilityGlobals) = postSolution
		SolutionGuid = {D197B1A8-B22D-42B2-B21C-C13B68A61F19}
	EndGlobalSection
EndGlobal
