
Microsoft Visual Studio Solution File, Format Version 12.00
# Visual Studio 15
VisualStudioVersion = 15.0.28010.2046
MinimumVisualStudioVersion = 10.0.40219.1
Project("{FAE04EC0-301F-11D3-BF4B-00C04F79EFBC}") = "week4", "week4\week4.csproj", "{E6C26137-8EBF-4DD7-A140-3B44F7C04252}"
EndProject
Global
	GlobalSection(SolutionConfigurationPlatforms) = preSolution
		Debug|Any CPU = Debug|Any CPU
		Release|Any CPU = Release|Any CPU
	EndGlobalSection
	GlobalSection(ProjectConfigurationPlatforms) = postSolution
		{E6C26137-8EBF-4DD7-A140-3B44F7C04252}.Debug|Any CPU.ActiveCfg = Debug|Any CPU
		{E6C26137-8EBF-4DD7-A140-3B44F7C04252}.Debug|Any CPU.Build.0 = Debug|Any CPU
		{E6C26137-8EBF-4DD7-A140-3B44F7C04252}.Release|Any CPU.ActiveCfg = Release|Any CPU
		{E6C26137-8EBF-4DD7-A140-3B44F7C04252}.Release|Any CPU.Build.0 = Release|Any CPU
	EndGlobalSection
	GlobalSection(SolutionProperties) = preSolution
		HideSolutionNode = FALSE
	EndGlobalSection
	GlobalSection(ExtensibilityGlobals) = postSolution
		SolutionGuid = {D972BE68-9904-4565-9473-B5744803E939}
	EndGlobalSection
EndGlobal
